
Microsoft Visual Studio Solution File, Format Version 12.00
# Visual Studio 15
VisualStudioVersion = 15.0.28307.1082
MinimumVisualStudioVersion = 10.0.40219.1
Project("{FAE04EC0-301F-11D3-BF4B-00C04F79EFBC}") = "BalticHack", "BalticHack\BalticHack.csproj", "{803C1EEF-9F33-4803-8E1F-3A7CCA0379CE}"
EndProject
Global
	GlobalSection(SolutionConfigurationPlatforms) = preSolution
		Debug|Any CPU = Debug|Any CPU
		Release|Any CPU = Release|Any CPU
	EndGlobalSection
	GlobalSection(ProjectConfigurationPlatforms) = postSolution
		{803C1EEF-9F33-4803-8E1F-3A7CCA0379CE}.Debug|Any CPU.ActiveCfg = Debug|Any CPU
		{803C1EEF-9F33-4803-8E1F-3A7CCA0379CE}.Debug|Any CPU.Build.0 = Debug|Any CPU
		{803C1EEF-9F33-4803-8E1F-3A7CCA0379CE}.Release|Any CPU.ActiveCfg = Release|Any CPU
		{803C1EEF-9F33-4803-8E1F-3A7CCA0379CE}.Release|Any CPU.Build.0 = Release|Any CPU
	EndGlobalSection
	GlobalSection(SolutionProperties) = preSolution
		HideSolutionNode = FALSE
	EndGlobalSection
	GlobalSection(ExtensibilityGlobals) = postSolution
		SolutionGuid = {A7F5CC5E-3A15-4DCD-B9D0-F966BF4856E6}
	EndGlobalSection
EndGlobal
